
Microsoft Visual Studio Solution File, Format Version 12.00
Project("{2150E333-8FDC-42A3-9474-1A3956D46DE8}") = "Modules", "Modules", "{B8D1B724-7F5F-493F-82C3-1DEB90582CB6}"
EndProject
Project("{FAE04EC0-301F-11D3-BF4B-00C04F79EFBC}") = "Friday", "Friday\Friday.csproj", "{E3CECC7A-13FF-4629-8213-21DF38219744}"
EndProject
Project("{FAE04EC0-301F-11D3-BF4B-00C04F79EFBC}") = "Friday.Modules.Moderation", "Modules\Friday.Modules.Moderation\Friday.Modules.Moderation.csproj", "{8B5E4C31-92E8-474E-8D8F-EFDB905D1DFE}"
EndProject
Project("{FAE04EC0-301F-11D3-BF4B-00C04F79EFBC}") = "Friday.Modules.Music", "Modules\Friday.Modules.Music\Friday.Modules.Music.csproj", "{DD827000-8874-45DE-950E-69E219BE3BFB}"
EndProject
Project("{FAE04EC0-301F-11D3-BF4B-00C04F79EFBC}") = "Friday.Common", "Friday.Common\Friday.Common.csproj", "{BBBE3C72-077D-43DD-BD6B-28410A8D25D0}"
EndProject
Project("{FAE04EC0-301F-11D3-BF4B-00C04F79EFBC}") = "Friday.Modules.Tickets", "Modules\Friday.Modules.Tickets\Friday.Modules.Tickets.csproj", "{6F302FA3-AD69-4757-ACEB-07C72F68830A}"
EndProject
Project("{FAE04EC0-301F-11D3-BF4B-00C04F79EFBC}") = "Friday.Modules.AntiRaid", "Modules\Friday.Modules.AntiRaid\Friday.Modules.AntiRaid.csproj", "{268A4068-80A8-4D1B-A07E-F1114BFD1FD0}"
EndProject
Project("{FAE04EC0-301F-11D3-BF4B-00C04F79EFBC}") = "Friday.UI", "Friday.UI\Friday.UI.csproj", "{17D91BB8-1C3F-46E7-8F0D-C80988063218}"
EndProject
Project("{FAE04EC0-301F-11D3-BF4B-00C04F79EFBC}") = "Friday.Tests", "Friday.Tests\Friday.Tests.csproj", "{A5EBDE83-67C1-45E1-995B-06043942EA36}"
EndProject
Project("{FAE04EC0-301F-11D3-BF4B-00C04F79EFBC}") = "Friday.Modules.InviteTracker", "Modules\Friday.Modules.InviteTracker\Friday.Modules.InviteTracker.csproj", "{78F0DFF3-D7C0-44E7-BE81-D1F32022AC7E}"
EndProject
Project("{FAE04EC0-301F-11D3-BF4B-00C04F79EFBC}") = "Friday.Modules.Misc", "Modules\Friday.Modules.Misc\Friday.Modules.Misc.csproj", "{DF15D279-9142-4808-93E4-605FDC105400}"
EndProject
Project("{FAE04EC0-301F-11D3-BF4B-00C04F79EFBC}") = "Friday.Modules.Backups", "Modules\Friday.Modules.Backups\Friday.Modules.Backups.csproj", "{DCB17EBE-EA52-40E8-936C-E845C34641E5}"
EndProject
Project("{FAE04EC0-301F-11D3-BF4B-00C04F79EFBC}") = "Friday.Rendering", "Friday.Rendering\Friday.Rendering.csproj", "{9537DE06-F73B-4D3D-A2A6-8F50A06F445A}"
EndProject
Project("{FAE04EC0-301F-11D3-BF4B-00C04F79EFBC}") = "Friday.Network", "Friday.Network\Friday.Network.csproj", "{8C19EF36-E5A7-4F1D-AA96-A6DEBC88C69C}"
EndProject
Project("{2150E333-8FDC-42A3-9474-1A3956D46DE8}") = "Vendor", "Vendor", "{AA4E0E19-0A99-47D0-8EED-9789BEC4A0FD}"
EndProject
Project("{FAE04EC0-301F-11D3-BF4B-00C04F79EFBC}") = "SimpleCDN.Wrapper", "Vendor\SimpleCDN\SimpleCDN.Wrapper\SimpleCDN.Wrapper.csproj", "{3C40F09C-06CA-4D06-9A58-AEC0A0FFE45F}"
EndProject
Project("{FAE04EC0-301F-11D3-BF4B-00C04F79EFBC}") = "Friday.Modules.System", "Modules\Friday.Modules.System\Friday.Modules.System.csproj", "{18FB3AE0-6A54-42B4-B14F-8E1A8D4F194C}"
EndProject
Global
	GlobalSection(SolutionConfigurationPlatforms) = preSolution
		Debug|Any CPU = Debug|Any CPU
		Release|Any CPU = Release|Any CPU
	EndGlobalSection
	GlobalSection(ProjectConfigurationPlatforms) = postSolution
		{E3CECC7A-13FF-4629-8213-21DF38219744}.Debug|Any CPU.ActiveCfg = Debug|Any CPU
		{E3CECC7A-13FF-4629-8213-21DF38219744}.Debug|Any CPU.Build.0 = Debug|Any CPU
		{E3CECC7A-13FF-4629-8213-21DF38219744}.Release|Any CPU.ActiveCfg = Release|Any CPU
		{E3CECC7A-13FF-4629-8213-21DF38219744}.Release|Any CPU.Build.0 = Release|Any CPU
		{8B5E4C31-92E8-474E-8D8F-EFDB905D1DFE}.Debug|Any CPU.ActiveCfg = Debug|Any CPU
		{8B5E4C31-92E8-474E-8D8F-EFDB905D1DFE}.Debug|Any CPU.Build.0 = Debug|Any CPU
		{8B5E4C31-92E8-474E-8D8F-EFDB905D1DFE}.Release|Any CPU.ActiveCfg = Release|Any CPU
		{8B5E4C31-92E8-474E-8D8F-EFDB905D1DFE}.Release|Any CPU.Build.0 = Release|Any CPU
		{DD827000-8874-45DE-950E-69E219BE3BFB}.Debug|Any CPU.ActiveCfg = Debug|Any CPU
		{DD827000-8874-45DE-950E-69E219BE3BFB}.Debug|Any CPU.Build.0 = Debug|Any CPU
		{DD827000-8874-45DE-950E-69E219BE3BFB}.Release|Any CPU.ActiveCfg = Release|Any CPU
		{DD827000-8874-45DE-950E-69E219BE3BFB}.Release|Any CPU.Build.0 = Release|Any CPU
		{BBBE3C72-077D-43DD-BD6B-28410A8D25D0}.Debug|Any CPU.ActiveCfg = Debug|Any CPU
		{BBBE3C72-077D-43DD-BD6B-28410A8D25D0}.Debug|Any CPU.Build.0 = Debug|Any CPU
		{BBBE3C72-077D-43DD-BD6B-28410A8D25D0}.Release|Any CPU.ActiveCfg = Release|Any CPU
		{BBBE3C72-077D-43DD-BD6B-28410A8D25D0}.Release|Any CPU.Build.0 = Release|Any CPU
		{6F302FA3-AD69-4757-ACEB-07C72F68830A}.Debug|Any CPU.ActiveCfg = Debug|Any CPU
		{6F302FA3-AD69-4757-ACEB-07C72F68830A}.Debug|Any CPU.Build.0 = Debug|Any CPU
		{6F302FA3-AD69-4757-ACEB-07C72F68830A}.Release|Any CPU.ActiveCfg = Release|Any CPU
		{6F302FA3-AD69-4757-ACEB-07C72F68830A}.Release|Any CPU.Build.0 = Release|Any CPU
		{268A4068-80A8-4D1B-A07E-F1114BFD1FD0}.Debug|Any CPU.ActiveCfg = Debug|Any CPU
		{268A4068-80A8-4D1B-A07E-F1114BFD1FD0}.Debug|Any CPU.Build.0 = Debug|Any CPU
		{268A4068-80A8-4D1B-A07E-F1114BFD1FD0}.Release|Any CPU.ActiveCfg = Release|Any CPU
		{268A4068-80A8-4D1B-A07E-F1114BFD1FD0}.Release|Any CPU.Build.0 = Release|Any CPU
		{17D91BB8-1C3F-46E7-8F0D-C80988063218}.Debug|Any CPU.ActiveCfg = Debug|Any CPU
		{17D91BB8-1C3F-46E7-8F0D-C80988063218}.Debug|Any CPU.Build.0 = Debug|Any CPU
		{17D91BB8-1C3F-46E7-8F0D-C80988063218}.Release|Any CPU.ActiveCfg = Release|Any CPU
		{17D91BB8-1C3F-46E7-8F0D-C80988063218}.Release|Any CPU.Build.0 = Release|Any CPU
		{A5EBDE83-67C1-45E1-995B-06043942EA36}.Debug|Any CPU.ActiveCfg = Debug|Any CPU
		{A5EBDE83-67C1-45E1-995B-06043942EA36}.Debug|Any CPU.Build.0 = Debug|Any CPU
		{A5EBDE83-67C1-45E1-995B-06043942EA36}.Release|Any CPU.ActiveCfg = Release|Any CPU
		{A5EBDE83-67C1-45E1-995B-06043942EA36}.Release|Any CPU.Build.0 = Release|Any CPU
		{78F0DFF3-D7C0-44E7-BE81-D1F32022AC7E}.Debug|Any CPU.ActiveCfg = Debug|Any CPU
		{78F0DFF3-D7C0-44E7-BE81-D1F32022AC7E}.Debug|Any CPU.Build.0 = Debug|Any CPU
		{78F0DFF3-D7C0-44E7-BE81-D1F32022AC7E}.Release|Any CPU.ActiveCfg = Release|Any CPU
		{78F0DFF3-D7C0-44E7-BE81-D1F32022AC7E}.Release|Any CPU.Build.0 = Release|Any CPU
		{DF15D279-9142-4808-93E4-605FDC105400}.Debug|Any CPU.ActiveCfg = Debug|Any CPU
		{DF15D279-9142-4808-93E4-605FDC105400}.Debug|Any CPU.Build.0 = Debug|Any CPU
		{DF15D279-9142-4808-93E4-605FDC105400}.Release|Any CPU.ActiveCfg = Release|Any CPU
		{DF15D279-9142-4808-93E4-605FDC105400}.Release|Any CPU.Build.0 = Release|Any CPU
		{DCB17EBE-EA52-40E8-936C-E845C34641E5}.Debug|Any CPU.ActiveCfg = Debug|Any CPU
		{DCB17EBE-EA52-40E8-936C-E845C34641E5}.Debug|Any CPU.Build.0 = Debug|Any CPU
		{DCB17EBE-EA52-40E8-936C-E845C34641E5}.Release|Any CPU.ActiveCfg = Release|Any CPU
		{DCB17EBE-EA52-40E8-936C-E845C34641E5}.Release|Any CPU.Build.0 = Release|Any CPU
		{9537DE06-F73B-4D3D-A2A6-8F50A06F445A}.Debug|Any CPU.ActiveCfg = Debug|Any CPU
		{9537DE06-F73B-4D3D-A2A6-8F50A06F445A}.Debug|Any CPU.Build.0 = Debug|Any CPU
		{9537DE06-F73B-4D3D-A2A6-8F50A06F445A}.Release|Any CPU.ActiveCfg = Release|Any CPU
		{9537DE06-F73B-4D3D-A2A6-8F50A06F445A}.Release|Any CPU.Build.0 = Release|Any CPU
		{8C19EF36-E5A7-4F1D-AA96-A6DEBC88C69C}.Debug|Any CPU.ActiveCfg = Debug|Any CPU
		{8C19EF36-E5A7-4F1D-AA96-A6DEBC88C69C}.Debug|Any CPU.Build.0 = Debug|Any CPU
		{8C19EF36-E5A7-4F1D-AA96-A6DEBC88C69C}.Release|Any CPU.ActiveCfg = Release|Any CPU
		{8C19EF36-E5A7-4F1D-AA96-A6DEBC88C69C}.Release|Any CPU.Build.0 = Release|Any CPU
		{3C40F09C-06CA-4D06-9A58-AEC0A0FFE45F}.Debug|Any CPU.ActiveCfg = Debug|Any CPU
		{3C40F09C-06CA-4D06-9A58-AEC0A0FFE45F}.Debug|Any CPU.Build.0 = Debug|Any CPU
		{3C40F09C-06CA-4D06-9A58-AEC0A0FFE45F}.Release|Any CPU.ActiveCfg = Release|Any CPU
		{3C40F09C-06CA-4D06-9A58-AEC0A0FFE45F}.Release|Any CPU.Build.0 = Release|Any CPU
		{18FB3AE0-6A54-42B4-B14F-8E1A8D4F194C}.Debug|Any CPU.ActiveCfg = Debug|Any CPU
		{18FB3AE0-6A54-42B4-B14F-8E1A8D4F194C}.Debug|Any CPU.Build.0 = Debug|Any CPU
		{18FB3AE0-6A54-42B4-B14F-8E1A8D4F194C}.Release|Any CPU.ActiveCfg = Release|Any CPU
		{18FB3AE0-6A54-42B4-B14F-8E1A8D4F194C}.Release|Any CPU.Build.0 = Release|Any CPU
	EndGlobalSection
	GlobalSection(NestedProjects) = preSolution
		{8B5E4C31-92E8-474E-8D8F-EFDB905D1DFE} = {B8D1B724-7F5F-493F-82C3-1DEB90582CB6}
		{DD827000-8874-45DE-950E-69E219BE3BFB} = {B8D1B724-7F5F-493F-82C3-1DEB90582CB6}
		{6F302FA3-AD69-4757-ACEB-07C72F68830A} = {B8D1B724-7F5F-493F-82C3-1DEB90582CB6}
		{268A4068-80A8-4D1B-A07E-F1114BFD1FD0} = {B8D1B724-7F5F-493F-82C3-1DEB90582CB6}
		{78F0DFF3-D7C0-44E7-BE81-D1F32022AC7E} = {B8D1B724-7F5F-493F-82C3-1DEB90582CB6}
		{DF15D279-9142-4808-93E4-605FDC105400} = {B8D1B724-7F5F-493F-82C3-1DEB90582CB6}
		{DCB17EBE-EA52-40E8-936C-E845C34641E5} = {B8D1B724-7F5F-493F-82C3-1DEB90582CB6}
		{3C40F09C-06CA-4D06-9A58-AEC0A0FFE45F} = {AA4E0E19-0A99-47D0-8EED-9789BEC4A0FD}
		{18FB3AE0-6A54-42B4-B14F-8E1A8D4F194C} = {B8D1B724-7F5F-493F-82C3-1DEB90582CB6}
	EndGlobalSection
EndGlobal
